PODS:
  - Alamofire (5.4.4)
  - SideMenuSwift (2.0.9)
  - TinyConstraints (4.0.2)

DEPENDENCIES:
  - Alamofire (~> 5.4)
  - SideMenuSwift (~> 2.0.9)
  - TinyConstraints (~> 4.0)

SPEC REPOS:
  trunk:
    - Alamofire
    - SideMenuSwift
    - TinyConstraints

SPEC CHECKSUMS:
  Alamofire: f3b09a368f1582ab751b3fff5460276e0d2cf5c9
  SideMenuSwift: 39f1922e225da4aaa8b16591037a929defe960c9
  TinyConstraints: 7b7ccc0c485bb3bb47082138ff28bc33cd49897f

PODFILE CHECKSUM: 93a7b210b4f0c966392599937074f618674f8a5f

COCOAPODS: 1.11.2
